Microsoft Visual Studio Solution File, Format Version 12.00
# Visual Studio Version 17
VisualStudioVersion = 17.0.31903.59
MinimumVisualStudioVersion = 10.0.40219.1
Project("{FAE04EC0-301F-11D3-BF4B-00C04F79EFBC}") = "Ngr.Launcher.App", "src\Ngr.Launcher.App\Ngr.Launcher.App.csproj", "{3DA4E0BB-5A80-4DB1-A6F7-9BBFCE9EF001}"
EndProject
Project("{FAE04EC0-301F-11D3-BF4B-00C04F79EFBC}") = "Ngr.Launcher.Core", "src\Ngr.Launcher.Core\Ngr.Launcher.Core.csproj", "{3DA4E0BB-5A80-4DB1-A6F7-9BBFCE9EF002}"
EndProject
Project("{FAE04EC0-301F-11D3-BF4B-00C04F79EFBC}") = "Ngr.Launcher.Core.Tests", "tests\Ngr.Launcher.Core.Tests\Ngr.Launcher.Core.Tests.csproj", "{3DA4E0BB-5A80-4DB1-A6F7-9BBFCE9EF003}"
EndProject
Project("{FAE04EC0-301F-11D3-BF4B-00C04F79EFBC}") = "Ngr.Launcher.TestChild", "tests\Ngr.Launcher.TestChild\Ngr.Launcher.TestChild.csproj", "{3DA4E0BB-5A80-4DB1-A6F7-9BBFCE9EF004}"
EndProject
Global
	GlobalSection(SolutionConfigurationPlatforms) = preSolution
		Debug|Any CPU = Debug|Any CPU
		Release|Any CPU = Release|Any CPU
	EndGlobalSection
	GlobalSection(ProjectConfigurationPlatforms) = postSolution
		{3DA4E0BB-5A80-4DB1-A6F7-9BBFCE9EF001}.Debug|Any CPU.ActiveCfg = Debug|Any CPU
		{3DA4E0BB-5A80-4DB1-A6F7-9BBFCE9EF001}.Debug|Any CPU.Build.0 = Debug|Any CPU
		{3DA4E0BB-5A80-4DB1-A6F7-9BBFCE9EF001}.Release|Any CPU.ActiveCfg = Release|Any CPU
		{3DA4E0BB-5A80-4DB1-A6F7-9BBFCE9EF001}.Release|Any CPU.Build.0 = Release|Any CPU
		{3DA4E0BB-5A80-4DB1-A6F7-9BBFCE9EF002}.Debug|Any CPU.ActiveCfg = Debug|Any CPU
		{3DA4E0BB-5A80-4DB1-A6F7-9BBFCE9EF002}.Debug|Any CPU.Build.0 = Debug|Any CPU
		{3DA4E0BB-5A80-4DB1-A6F7-9BBFCE9EF002}.Release|Any CPU.ActiveCfg = Release|Any CPU
		{3DA4E0BB-5A80-4DB1-A6F7-9BBFCE9EF002}.Release|Any CPU.Build.0 = Release|Any CPU
		{3DA4E0BB-5A80-4DB1-A6F7-9BBFCE9EF003}.Debug|Any CPU.ActiveCfg = Debug|Any CPU
		{3DA4E0BB-5A80-4DB1-A6F7-9BBFCE9EF003}.Debug|Any CPU.Build.0 = Debug|Any CPU
		{3DA4E0BB-5A80-4DB1-A6F7-9BBFCE9EF003}.Release|Any CPU.ActiveCfg = Release|Any CPU
		{3DA4E0BB-5A80-4DB1-A6F7-9BBFCE9EF003}.Release|Any CPU.Build.0 = Release|Any CPU
		{3DA4E0BB-5A80-4DB1-A6F7-9BBFCE9EF004}.Debug|Any CPU.ActiveCfg = Debug|Any CPU
		{3DA4E0BB-5A80-4DB1-A6F7-9BBFCE9EF004}.Debug|Any CPU.Build.0 = Debug|Any CPU
		{3DA4E0BB-5A80-4DB1-A6F7-9BBFCE9EF004}.Release|Any CPU.ActiveCfg = Release|Any CPU
		{3DA4E0BB-5A80-4DB1-A6F7-9BBFCE9EF004}.Release|Any CPU.Build.0 = Release|Any CPU
	EndGlobalSection
EndGlobal
